
Microsoft Visual Studio Solution File, Format Version 12.00
Project("{FAE04EC0-301F-11D3-BF4B-00C04F79EFBC}") = "Durak", "Durak\Durak.csproj", "{F6B46510-3AEE-4479-A8B9-30D3F560A651}"
EndProject
Project("{FAE04EC0-301F-11D3-BF4B-00C04F79EFBC}") = "Durak.Tests", "Durak.Tests\Durak.Tests.csproj", "{6FA048B5-41A6-42C7-B452-4DA4C594128E}"
EndProject
Global
	GlobalSection(SolutionConfigurationPlatforms) = preSolution
		Debug|Any CPU = Debug|Any CPU
		Release|Any CPU = Release|Any CPU
	EndGlobalSection
	GlobalSection(ProjectConfigurationPlatforms) = postSolution
		{F6B46510-3AEE-4479-A8B9-30D3F560A651}.Debug|Any CPU.ActiveCfg = Debug|Any CPU
		{F6B46510-3AEE-4479-A8B9-30D3F560A651}.Debug|Any CPU.Build.0 = Debug|Any CPU
		{F6B46510-3AEE-4479-A8B9-30D3F560A651}.Release|Any CPU.ActiveCfg = Release|Any CPU
		{F6B46510-3AEE-4479-A8B9-30D3F560A651}.Release|Any CPU.Build.0 = Release|Any CPU
		{6FA048B5-41A6-42C7-B452-4DA4C594128E}.Debug|Any CPU.ActiveCfg = Debug|Any CPU
		{6FA048B5-41A6-42C7-B452-4DA4C594128E}.Debug|Any CPU.Build.0 = Debug|Any CPU
		{6FA048B5-41A6-42C7-B452-4DA4C594128E}.Release|Any CPU.ActiveCfg = Release|Any CPU
		{6FA048B5-41A6-42C7-B452-4DA4C594128E}.Release|Any CPU.Build.0 = Release|Any CPU
	EndGlobalSection
EndGlobal
